
Microsoft Visual Studio Solution File, Format Version 12.00
Project("{FAE04EC0-301F-11D3-BF4B-00C04F79EFBC}") = "EcsSystem", "EcsSystem\EcsSystem.csproj", "{07D3F843-0CCB-4F8C-A08E-28252973E3CA}"
EndProject
Global
	GlobalSection(SolutionConfigurationPlatforms) = preSolution
		Debug|Any CPU = Debug|Any CPU
		Release|Any CPU = Release|Any CPU
	EndGlobalSection
	GlobalSection(ProjectConfigurationPlatforms) = postSolution
		{07D3F843-0CCB-4F8C-A08E-28252973E3CA}.Debug|Any CPU.ActiveCfg = Debug|Any CPU
		{07D3F843-0CCB-4F8C-A08E-28252973E3CA}.Debug|Any CPU.Build.0 = Debug|Any CPU
		{07D3F843-0CCB-4F8C-A08E-28252973E3CA}.Release|Any CPU.ActiveCfg = Release|Any CPU
		{07D3F843-0CCB-4F8C-A08E-28252973E3CA}.Release|Any CPU.Build.0 = Release|Any CPU
	EndGlobalSection
EndGlobal
